{
  "name": "facemorph-device-lab",
  "lockfileVersion": 3,
  "requires": true,
  "packages": {
    "": {
      "name": "facemorph-device-lab",
      "dependencies": {
        "@ffmpeg/core": "0.12.10"
      }
    },
    "node_modules/@ffmpeg/core": {
      "version": "0.12.10",
      "resolved": "https://registry.npmjs.org/@ffmpeg/core/-/core-0.12.10.tgz",
      "integrity": "sha512-dzNplnn2Nxle2c2i2rrDhqcB19q9cglCkWnoMTDN9Q9l3PvdjZWd1HfSPjCNWc/p8Q3CT+Es9fWOR0UhAeYQZA==",
      "license": "GPL-2.0-or-later",
      "engines": {
        "node": ">=16.x"
      }
    }
  }
}
